
Microsoft Visual Studio Solution File, Format Version 12.00
# Visual Studio 15
VisualStudioVersion = 15.0.28307.1525
MinimumVisualStudioVersion = 10.0.40219.1
Project("{FAE04EC0-301F-11D3-BF4B-00C04F79EFBC}") = "WAPasantia", "WAPasantia\WAPasantia.csproj", "{16C161A2-E51D-4BAE-A7EC-831CC0C06576}"
	ProjectSection(ProjectDependencies) = postProject
		{5EC1B327-2DA1-401E-ACC2-C9247150FAE1} = {5EC1B327-2DA1-401E-ACC2-C9247150FAE1}
		{7B864EE5-1B91-4687-9CD1-253BF7B7F940} = {7B864EE5-1B91-4687-9CD1-253BF7B7F940}
	EndProjectSection
EndProject
Project("{E24C65DC-7377-472B-9ABA-BC803B73C61A}") = "SWADNETPAS", "SWADNETPAS\", "{5EC1B327-2DA1-401E-ACC2-C9247150FAE1}"
	ProjectSection(WebsiteProperties) = preProject
		TargetFrameworkMoniker = ".NETFramework,Version%3Dv4.6.1"
		Debug.AspNetCompiler.VirtualPath = "/localhost_63193"
		Debug.AspNetCompiler.PhysicalPath = "SWADNETPAS\"
		Debug.AspNetCompiler.TargetPath = "PrecompiledWeb\localhost_63193\"
		Debug.AspNetCompiler.Updateable = "true"
		Debug.AspNetCompiler.ForceOverwrite = "true"
		Debug.AspNetCompiler.FixedNames = "false"
		Debug.AspNetCompiler.Debug = "True"
		Release.AspNetCompiler.VirtualPath = "/localhost_63193"
		Release.AspNetCompiler.PhysicalPath = "SWADNETPAS\"
		Release.AspNetCompiler.TargetPath = "PrecompiledWeb\localhost_63193\"
		Release.AspNetCompiler.Updateable = "true"
		Release.AspNetCompiler.ForceOverwrite = "true"
		Release.AspNetCompiler.FixedNames = "false"
		Release.AspNetCompiler.Debug = "False"
		VWDPort = "63193"
		SlnRelativePath = "SWADNETPAS\"
		DefaultWebSiteLanguage = "Visual C#"
	EndProjectSection
EndProject
Project("{E24C65DC-7377-472B-9ABA-BC803B73C61A}") = "SWADNetValle", "SWADNetValle\", "{DB62ECE0-92DC-4A67-B1A0-71961267B26E}"
	ProjectSection(WebsiteProperties) = preProject
		TargetFrameworkMoniker = ".NETFramework,Version%3Dv4.6.1"
		Debug.AspNetCompiler.VirtualPath = "/localhost_52966"
		Debug.AspNetCompiler.PhysicalPath = "SWADNetValle\"
		Debug.AspNetCompiler.TargetPath = "PrecompiledWeb\localhost_52966\"
		Debug.AspNetCompiler.Updateable = "true"
		Debug.AspNetCompiler.ForceOverwrite = "true"
		Debug.AspNetCompiler.FixedNames = "false"
		Debug.AspNetCompiler.Debug = "True"
		Release.AspNetCompiler.VirtualPath = "/localhost_52966"
		Release.AspNetCompiler.PhysicalPath = "SWADNetValle\"
		Release.AspNetCompiler.TargetPath = "PrecompiledWeb\localhost_52966\"
		Release.AspNetCompiler.Updateable = "true"
		Release.AspNetCompiler.ForceOverwrite = "true"
		Release.AspNetCompiler.FixedNames = "false"
		Release.AspNetCompiler.Debug = "False"
		VWDPort = "52966"
		SlnRelativePath = "SWADNetValle\"
		DefaultWebSiteLanguage = "Visual C#"
	EndProjectSection
EndProject
Project("{E24C65DC-7377-472B-9ABA-BC803B73C61A}") = "SWLNPasantia", "SWLNPasantia\", "{7B864EE5-1B91-4687-9CD1-253BF7B7F940}"
	ProjectSection(WebsiteProperties) = preProject
		TargetFrameworkMoniker = ".NETFramework,Version%3Dv4.6.1"
		Debug.AspNetCompiler.VirtualPath = "/localhost_54823"
		Debug.AspNetCompiler.PhysicalPath = "SWLNPasantia\"
		Debug.AspNetCompiler.TargetPath = "PrecompiledWeb\localhost_54823\"
		Debug.AspNetCompiler.Updateable = "true"
		Debug.AspNetCompiler.ForceOverwrite = "true"
		Debug.AspNetCompiler.FixedNames = "false"
		Debug.AspNetCompiler.Debug = "True"
		Release.AspNetCompiler.VirtualPath = "/localhost_54823"
		Release.AspNetCompiler.PhysicalPath = "SWLNPasantia\"
		Release.AspNetCompiler.TargetPath = "PrecompiledWeb\localhost_54823\"
		Release.AspNetCompiler.Updateable = "true"
		Release.AspNetCompiler.ForceOverwrite = "true"
		Release.AspNetCompiler.FixedNames = "false"
		Release.AspNetCompiler.Debug = "False"
		VWDPort = "54823"
		SlnRelativePath = "SWLNPasantia\"
		DefaultWebSiteLanguage = "Visual C#"
	EndProjectSection
	ProjectSection(ProjectDependencies) = postProject
		{5EC1B327-2DA1-401E-ACC2-C9247150FAE1} = {5EC1B327-2DA1-401E-ACC2-C9247150FAE1}
		{DB62ECE0-92DC-4A67-B1A0-71961267B26E} = {DB62ECE0-92DC-4A67-B1A0-71961267B26E}
	EndProjectSection
EndProject
Global
	GlobalSection(SolutionConfigurationPlatforms) = preSolution
		Debug|Any CPU = Debug|Any CPU
		Release|Any CPU = Release|Any CPU
	EndGlobalSection
	GlobalSection(ProjectConfigurationPlatforms) = postSolution
		{16C161A2-E51D-4BAE-A7EC-831CC0C06576}.Debug|Any CPU.ActiveCfg = Debug|Any CPU
		{16C161A2-E51D-4BAE-A7EC-831CC0C06576}.Debug|Any CPU.Build.0 = Debug|Any CPU
		{16C161A2-E51D-4BAE-A7EC-831CC0C06576}.Release|Any CPU.ActiveCfg = Release|Any CPU
		{16C161A2-E51D-4BAE-A7EC-831CC0C06576}.Release|Any CPU.Build.0 = Release|Any CPU
		{5EC1B327-2DA1-401E-ACC2-C9247150FAE1}.Debug|Any CPU.ActiveCfg = Debug|Any CPU
		{5EC1B327-2DA1-401E-ACC2-C9247150FAE1}.Debug|Any CPU.Build.0 = Debug|Any CPU
		{5EC1B327-2DA1-401E-ACC2-C9247150FAE1}.Release|Any CPU.ActiveCfg = Debug|Any CPU
		{5EC1B327-2DA1-401E-ACC2-C9247150FAE1}.Release|Any CPU.Build.0 = Debug|Any CPU
		{DB62ECE0-92DC-4A67-B1A0-71961267B26E}.Debug|Any CPU.ActiveCfg = Debug|Any CPU
		{DB62ECE0-92DC-4A67-B1A0-71961267B26E}.Debug|Any CPU.Build.0 = Debug|Any CPU
		{DB62ECE0-92DC-4A67-B1A0-71961267B26E}.Release|Any CPU.ActiveCfg = Debug|Any CPU
		{DB62ECE0-92DC-4A67-B1A0-71961267B26E}.Release|Any CPU.Build.0 = Debug|Any CPU
		{7B864EE5-1B91-4687-9CD1-253BF7B7F940}.Debug|Any CPU.ActiveCfg = Debug|Any CPU
		{7B864EE5-1B91-4687-9CD1-253BF7B7F940}.Debug|Any CPU.Build.0 = Debug|Any CPU
		{7B864EE5-1B91-4687-9CD1-253BF7B7F940}.Release|Any CPU.ActiveCfg = Debug|Any CPU
		{7B864EE5-1B91-4687-9CD1-253BF7B7F940}.Release|Any CPU.Build.0 = Debug|Any CPU
	EndGlobalSection
	GlobalSection(SolutionProperties) = preSolution
		HideSolutionNode = FALSE
	EndGlobalSection
	GlobalSection(ExtensibilityGlobals) = postSolution
		SolutionGuid = {DC875FBA-7757-4DBB-AD9C-B046BA15BCCB}
	EndGlobalSection
EndGlobal
